<?xml version="1.0" encoding="utf-8"?>
<Project ToolsVersion="4.0" xmlns="http://schemas.microsoft.com/developer/msbuild/2003">
  <ItemGroup>
    <Filter Include="Dll Plugin">
      <UniqueIdentifier>{dc908eaf-7279-4bee-9df9-6d966f68e332}</UniqueIdentifier>
    </Filter>
    <Filter Include="Header">
      <UniqueIdentifier>{a434860d-7756-402c-abbd-ef4fc56bf91f}</UniqueIdentifier>
    </Filter>
    <Filter Include="Src">
      <UniqueIdentifier>{c67d7012-9700-4474-9b67-7630c7e6c294}</UniqueIdentifier>
    </Filter>
  </ItemGroup>
  <ItemGroup>
    <ClInclude Include="include\D3D9Plugin.h">
      <Filter>Dll Plugin</Filter>
    </ClInclude>
    <ClInclude Include="include\D3D9RenderSystem.h">
      <Filter>Header</Filter>
    </ClInclude>
    <ClInclude Include="include\D3D9ForwardDeclare.h">
      <Filter>Header</Filter>
    </ClInclude>
    <ClInclude Include="include\D3D9Typedefs.h">
      <Filter>Header</Filter>
    </ClInclude>
    <ClInclude Include="include\D3D9Helper.h">
      <Filter>Header</Filter>
    </ClInclude>
    <ClInclude Include="include\D3D9Capability.h">
      <Filter>Header</Filter>
    </ClInclude>
    <ClInclude Include="include\D3D9Device.h">
      <Filter>Header</Filter>
    </ClInclude>
  </ItemGroup>
  <ItemGroup>
    <ClCompile Include="src\D3D9Plugin.cpp">
      <Filter>Dll Plugin</Filter>
    </ClCompile>
    <ClCompile Include="src\D3D9PluginDll.cpp">
      <Filter>Dll Plugin</Filter>
    </ClCompile>
    <ClCompile Include="src\D3D9RenderSystem.cpp">
      <Filter>Src</Filter>
    </ClCompile>
    <ClCompile Include="src\D3D9Helper.cpp">
      <Filter>Src</Filter>
    </ClCompile>
    <ClCompile Include="src\D3D9Capability.cpp">
      <Filter>Src</Filter>
    </ClCompile>
    <ClCompile Include="src\D3D9Device.cpp">
      <Filter>Src</Filter>
    </ClCompile>
  </ItemGroup>
</Project>