<?xml version="1.0" encoding="utf-8"?>
<Project ToolsVersion="4.0" xmlns="http://schemas.microsoft.com/developer/msbuild/2003">
  <ItemGroup>
    <Filter Include="App Src">
      <UniqueIdentifier>{4FC737F1-C7A5-4376-A066-2A32D752A2FF}</UniqueIdentifier>
      <Extensions>cpp;c;cc;cxx;def;odl;idl;hpj;bat;asm;asmx</Extensions>
    </Filter>
    <Filter Include="App Header">
      <UniqueIdentifier>{3a8e9298-7fbf-41b1-bfd8-69fd292e8a44}</UniqueIdentifier>
    </Filter>
    <Filter Include="Configs">
      <UniqueIdentifier>{e2b3d563-8ce1-40c3-b991-4b76fb44034c}</UniqueIdentifier>
    </Filter>
  </ItemGroup>
  <ItemGroup>
    <ClCompile Include="src\RunGame.cpp">
      <Filter>App Src</Filter>
    </ClCompile>
  </ItemGroup>
  <ItemGroup>
    <ClInclude Include="include\ApplicationCofig.h">
      <Filter>App Header</Filter>
    </ClInclude>
  </ItemGroup>
  <ItemGroup>
    <None Include="..\bin\Config\EngineConfig.cfg">
      <Filter>Configs</Filter>
    </None>
    <None Include="..\bin\Config\EngineConfig_d.cfg">
      <Filter>Configs</Filter>
    </None>
    <None Include="..\bin\Config\Plugin.cfg">
      <Filter>Configs</Filter>
    </None>
    <None Include="..\bin\Config\Plugin_d.cfg">
      <Filter>Configs</Filter>
    </None>
    <None Include="..\bin\Config\Resource.cfg">
      <Filter>Configs</Filter>
    </None>
    <None Include="..\bin\Config\Resource_d.cfg">
      <Filter>Configs</Filter>
    </None>
  </ItemGroup>
</Project>