<?xml version="1.0" encoding="utf-8"?>
<Project ToolsVersion="4.0" xmlns="http://schemas.microsoft.com/developer/msbuild/2003">
  <ItemGroup>
    <Filter Include="Framework">
      <UniqueIdentifier>{0361d103-2ce2-4fb4-b10d-0205b0880189}</UniqueIdentifier>
    </Filter>
    <Filter Include="ScriptContent">
      <UniqueIdentifier>{d05e9480-7362-498e-b503-168efe1ef814}</UniqueIdentifier>
    </Filter>
    <Filter Include="GamePlay Header">
      <UniqueIdentifier>{2262c7ad-fdd9-478e-9a05-249687250530}</UniqueIdentifier>
    </Filter>
    <Filter Include="Effects">
      <UniqueIdentifier>{94193523-e291-46c8-b334-0d90acdb03cd}</UniqueIdentifier>
    </Filter>
  </ItemGroup>
  <ItemGroup>
    <ClInclude Include="include\GamePlay.h">
      <Filter>GamePlay Header</Filter>
    </ClInclude>
    <ClInclude Include="include\GamePlayFramework.h">
      <Filter>Framework</Filter>
    </ClInclude>
  </ItemGroup>
  <ItemGroup>
    <ClCompile Include="src\GamePlayFramework.cpp">
      <Filter>Framework</Filter>
    </ClCompile>
  </ItemGroup>
  <ItemGroup>
    <None Include="..\bin\media\Effects\Test.fx">
      <Filter>Effects</Filter>
    </None>
  </ItemGroup>
</Project>