<?xml version="1.0" encoding="utf-8"?>
<Project ToolsVersion="4.0" xmlns="http://schemas.microsoft.com/developer/msbuild/2003">
  <ItemGroup>
    <Filter Include="Engine Header">
      <UniqueIdentifier>{93995380-89BD-4b04-88EB-625FBE52EBFB}</UniqueIdentifier>
      <Extensions>h;hpp;hxx;hm;inl;inc;xsd</Extensions>
    </Filter>
    <Filter Include="Render">
      <UniqueIdentifier>{01b42326-c790-4d4d-9711-10b789059a44}</UniqueIdentifier>
    </Filter>
    <Filter Include="Configuration">
      <UniqueIdentifier>{3b10144f-b091-473b-aaf2-3f14c9146dd7}</UniqueIdentifier>
    </Filter>
    <Filter Include="WindowsPlatform">
      <UniqueIdentifier>{ec146ab2-8c2f-4b72-8946-36a7308ede2e}</UniqueIdentifier>
    </Filter>
    <Filter Include="EngineManager">
      <UniqueIdentifier>{11b37349-395d-4ebe-96d3-f59f8e1256a8}</UniqueIdentifier>
    </Filter>
    <Filter Include="Resource">
      <UniqueIdentifier>{fbff4125-c0d4-40af-a22a-032dda86425f}</UniqueIdentifier>
    </Filter>
    <Filter Include="Scene">
      <UniqueIdentifier>{516635bf-8a56-40b5-ba08-a94cc7200bfc}</UniqueIdentifier>
    </Filter>
  </ItemGroup>
  <ItemGroup>
    <ClInclude Include="include\EngineForwardDeclare.h">
      <Filter>Engine Header</Filter>
    </ClInclude>
    <ClInclude Include="include\RenderSystem.h">
      <Filter>Render</Filter>
    </ClInclude>
    <ClInclude Include="include\EngineManager.h">
      <Filter>EngineManager</Filter>
    </ClInclude>
    <ClInclude Include="include\WindowsEventHandle.h">
      <Filter>WindowsPlatform</Filter>
    </ClInclude>
    <ClInclude Include="include\EngineConfig.h">
      <Filter>Configuration</Filter>
    </ClInclude>
    <ClInclude Include="include\EngineConfigDefines.h">
      <Filter>Configuration</Filter>
    </ClInclude>
    <ClInclude Include="include\PluginConfig.h">
      <Filter>Configuration</Filter>
    </ClInclude>
    <ClInclude Include="include\Config.h">
      <Filter>Configuration</Filter>
    </ClInclude>
    <ClInclude Include="include\WindowsHelper.h">
      <Filter>WindowsPlatform</Filter>
    </ClInclude>
    <ClInclude Include="include\Renderable.h">
      <Filter>Render</Filter>
    </ClInclude>
    <ClInclude Include="include\Resource.h">
      <Filter>Resource</Filter>
    </ClInclude>
    <ClInclude Include="include\RenderMappingDefines.h">
      <Filter>Render</Filter>
    </ClInclude>
    <ClInclude Include="include\SceneManager.h">
      <Filter>Scene</Filter>
    </ClInclude>
    <ClInclude Include="include\SceneObject.h">
      <Filter>Scene</Filter>
    </ClInclude>
    <ClInclude Include="include\SceneNode.h">
      <Filter>Scene</Filter>
    </ClInclude>
    <ClInclude Include="include\ResourceManager.h">
      <Filter>Resource</Filter>
    </ClInclude>
    <ClInclude Include="include\SceneComponent.h">
      <Filter>Scene</Filter>
    </ClInclude>
    <ClInclude Include="include\RenderTexture.h">
      <Filter>Render</Filter>
    </ClInclude>
    <ClInclude Include="include\RenderTarget.h">
      <Filter>Render</Filter>
    </ClInclude>
    <ClInclude Include="include\ResourceConfig.h">
      <Filter>Configuration</Filter>
    </ClInclude>
    <ClInclude Include="include\MeshResource.h">
      <Filter>Resource</Filter>
    </ClInclude>
    <ClInclude Include="include\PhysicsResource.h">
      <Filter>Resource</Filter>
    </ClInclude>
    <ClInclude Include="include\TerrainResource.h">
      <Filter>Resource</Filter>
    </ClInclude>
  </ItemGroup>
  <ItemGroup>
    <ClCompile Include="src\EngineManager.cpp">
      <Filter>EngineManager</Filter>
    </ClCompile>
    <ClCompile Include="src\WindowsEventHandle.cpp">
      <Filter>WindowsPlatform</Filter>
    </ClCompile>
    <ClCompile Include="src\EngineConfig.cpp">
      <Filter>Configuration</Filter>
    </ClCompile>
    <ClCompile Include="src\Config.cpp">
      <Filter>Configuration</Filter>
    </ClCompile>
    <ClCompile Include="src\PluginConfig.cpp">
      <Filter>Configuration</Filter>
    </ClCompile>
    <ClCompile Include="src\WindowsHelper.cpp">
      <Filter>WindowsPlatform</Filter>
    </ClCompile>
    <ClCompile Include="src\EngineConfigDefines.cpp">
      <Filter>Configuration</Filter>
    </ClCompile>
    <ClCompile Include="src\RenderSystem.cpp">
      <Filter>Render</Filter>
    </ClCompile>
    <ClCompile Include="src\Renderable.cpp">
      <Filter>Render</Filter>
    </ClCompile>
    <ClCompile Include="src\SceneManager.cpp">
      <Filter>Scene</Filter>
    </ClCompile>
    <ClCompile Include="src\SceneObject.cpp">
      <Filter>Scene</Filter>
    </ClCompile>
    <ClCompile Include="src\SceneNode.cpp">
      <Filter>Scene</Filter>
    </ClCompile>
    <ClCompile Include="src\SceneComponent.cpp">
      <Filter>Scene</Filter>
    </ClCompile>
    <ClCompile Include="src\ResourceConfig.cpp">
      <Filter>Configuration</Filter>
    </ClCompile>
    <ClCompile Include="src\ResourceManager.cpp">
      <Filter>Resource</Filter>
    </ClCompile>
  </ItemGroup>
</Project>