<?xml version="1.0" encoding="utf-8"?>
<Project ToolsVersion="4.0" xmlns="http://schemas.microsoft.com/developer/msbuild/2003">
  <ItemGroup>
    <Filter Include="Engine Header">
      <UniqueIdentifier>{93995380-89BD-4b04-88EB-625FBE52EBFB}</UniqueIdentifier>
      <Extensions>h;hpp;hxx;hm;inl;inc;xsd</Extensions>
    </Filter>
    <Filter Include="Engine Src">
      <UniqueIdentifier>{4FC737F1-C7A5-4376-A066-2A32D752A2FF}</UniqueIdentifier>
      <Extensions>cpp;c;cc;cxx;def;odl;idl;hpj;bat;asm;asmx</Extensions>
    </Filter>
    <Filter Include="Render">
      <UniqueIdentifier>{01b42326-c790-4d4d-9711-10b789059a44}</UniqueIdentifier>
    </Filter>
    <Filter Include="Configuration">
      <UniqueIdentifier>{3b10144f-b091-473b-aaf2-3f14c9146dd7}</UniqueIdentifier>
    </Filter>
    <Filter Include="WindowsPlatform">
      <UniqueIdentifier>{ec146ab2-8c2f-4b72-8946-36a7308ede2e}</UniqueIdentifier>
    </Filter>
    <Filter Include="Log">
      <UniqueIdentifier>{91406942-3ae1-4af8-a8c7-c791aad901eb}</UniqueIdentifier>
    </Filter>
    <Filter Include="EngineManager">
      <UniqueIdentifier>{11b37349-395d-4ebe-96d3-f59f8e1256a8}</UniqueIdentifier>
    </Filter>
  </ItemGroup>
  <ItemGroup>
    <ClInclude Include="include\Engine.h">
      <Filter>Engine Header</Filter>
    </ClInclude>
    <ClInclude Include="include\EngineForwardDeclare.h">
      <Filter>Engine Header</Filter>
    </ClInclude>
    <ClInclude Include="include\RenderSystem.h">
      <Filter>Render</Filter>
    </ClInclude>
    <ClInclude Include="include\EngineManager.h">
      <Filter>EngineManager</Filter>
    </ClInclude>
    <ClInclude Include="include\WindowsEventHandle.h">
      <Filter>WindowsPlatform</Filter>
    </ClInclude>
    <ClInclude Include="include\EngineConfig.h">
      <Filter>Configuration</Filter>
    </ClInclude>
    <ClInclude Include="include\EngineConfigDefines.h">
      <Filter>Configuration</Filter>
    </ClInclude>
    <ClInclude Include="include\PluginConfig.h">
      <Filter>Configuration</Filter>
    </ClInclude>
    <ClInclude Include="include\Config.h">
      <Filter>Configuration</Filter>
    </ClInclude>
    <ClInclude Include="include\WindowsHelpler.h">
      <Filter>WindowsPlatform</Filter>
    </ClInclude>
    <ClInclude Include="include\LogSystem.h">
      <Filter>Log</Filter>
    </ClInclude>
    <ClInclude Include="include\Log.h">
      <Filter>Log</Filter>
    </ClInclude>
  </ItemGroup>
  <ItemGroup>
    <ClCompile Include="src\RenderSystem.cpp">
      <Filter>Render</Filter>
    </ClCompile>
    <ClCompile Include="src\EngineManager.cpp">
      <Filter>EngineManager</Filter>
    </ClCompile>
    <ClCompile Include="src\WindowsEventHandle.cpp">
      <Filter>WindowsPlatform</Filter>
    </ClCompile>
    <ClCompile Include="src\EngineConfig.cpp">
      <Filter>Configuration</Filter>
    </ClCompile>
    <ClCompile Include="src\Config.cpp">
      <Filter>Configuration</Filter>
    </ClCompile>
    <ClCompile Include="src\WindowsHelpler.cpp">
      <Filter>WindowsPlatform</Filter>
    </ClCompile>
    <ClCompile Include="src\PluginConfig.cpp">
      <Filter>Configuration</Filter>
    </ClCompile>
    <ClCompile Include="src\LogSystem.cpp">
      <Filter>Log</Filter>
    </ClCompile>
    <ClCompile Include="src\Log.cpp">
      <Filter>Log</Filter>
    </ClCompile>
  </ItemGroup>
</Project>