<?xml version="1.0" encoding="utf-8"?>
<Project ToolsVersion="4.0" xmlns="http://schemas.microsoft.com/developer/msbuild/2003">
  <ItemGroup>
    <Filter Include="Util Header">
      <UniqueIdentifier>{93995380-89BD-4b04-88EB-625FBE52EBFB}</UniqueIdentifier>
      <Extensions>h;hpp;hxx;hm;inl;inc;xsd</Extensions>
    </Filter>
    <Filter Include="Exception">
      <UniqueIdentifier>{4261a927-e316-44f6-b01d-e4f202315a30}</UniqueIdentifier>
    </Filter>
    <Filter Include="Memory">
      <UniqueIdentifier>{dd7c065f-112b-434b-b4c2-862866d13505}</UniqueIdentifier>
    </Filter>
    <Filter Include="Tools">
      <UniqueIdentifier>{e88522c9-32ce-4ee5-9466-4ee3d684b151}</UniqueIdentifier>
    </Filter>
    <Filter Include="Util Src">
      <UniqueIdentifier>{5e33aa97-8a06-42e0-9196-e41179393c6a}</UniqueIdentifier>
    </Filter>
    <Filter Include="BoostLibs">
      <UniqueIdentifier>{1a537831-1441-4483-87b2-350abf7671ac}</UniqueIdentifier>
    </Filter>
    <Filter Include="Log">
      <UniqueIdentifier>{8de3c0b6-670c-44fa-8bfa-beeb10dd1282}</UniqueIdentifier>
    </Filter>
  </ItemGroup>
  <ItemGroup>
    <ClInclude Include="include\UtilConfig.h">
      <Filter>Util Header</Filter>
    </ClInclude>
    <ClInclude Include="include\MemoryDefines.h">
      <Filter>Memory</Filter>
    </ClInclude>
    <ClInclude Include="include\ExceptionDefines.h">
      <Filter>Exception</Filter>
    </ClInclude>
    <ClInclude Include="include\Util.h">
      <Filter>Util Header</Filter>
    </ClInclude>
    <ClInclude Include="include\UtilForwardDeclare.h">
      <Filter>Util Header</Filter>
    </ClInclude>
    <ClInclude Include="include\Plugin.h">
      <Filter>Tools</Filter>
    </ClInclude>
    <ClInclude Include="include\Singleton.h">
      <Filter>Tools</Filter>
    </ClInclude>
    <ClInclude Include="include\XmlReader.h">
      <Filter>Tools</Filter>
    </ClInclude>
    <ClInclude Include="include\UtilWarningDisable.h">
      <Filter>Util Header</Filter>
    </ClInclude>
    <ClInclude Include="include\UtilTypedefs.h">
      <Filter>Util Header</Filter>
    </ClInclude>
    <ClInclude Include="include\MakeCOMPtr.h">
      <Filter>Tools</Filter>
    </ClInclude>
    <ClInclude Include="include\StringConverter.h">
      <Filter>Tools</Filter>
    </ClInclude>
    <ClInclude Include="include\LogManager.h">
      <Filter>Log</Filter>
    </ClInclude>
    <ClInclude Include="include\UtilCommon.h">
      <Filter>Util Header</Filter>
    </ClInclude>
  </ItemGroup>
  <ItemGroup>
    <ClCompile Include="Src\XmlReader.cpp">
      <Filter>Tools</Filter>
    </ClCompile>
    <ClCompile Include="src\Boost.data_time.cpp">
      <Filter>BoostLibs</Filter>
    </ClCompile>
    <ClCompile Include="src\LogManager.cpp">
      <Filter>Log</Filter>
    </ClCompile>
  </ItemGroup>
</Project>